schema: '2.0'
stages:
  sales_db_export:
    cmd: .venv/bin/python src/cleaning_json.py
    deps:
    - path: assets/json_documents
      md5: 38044a25813c5683ad04e8794c17b173.dir
      size: 163807516
      nfiles: 4165
    - path: src/cleaning_json.py
      md5: e252bc61f105f2648cab84fc759fe3c5
      size: 167
    outs:
    - path: assets/json_documents_clean
      md5: d751713988987e9331980363e24189ce.dir
      size: 0
      nfiles: 0
